
Microsoft Visual Studio Solution File, Format Version 12.00
# Visual Studio Version 16
VisualStudioVersion = 16.0.31613.86
MinimumVisualStudioVersion = 10.0.40219.1
Project("{9A19103F-16F7-4668-BE54-9A1E7A4F7556}") = "Business", "Business\Business.csproj", "{0E4C9797-3530-463E-A07E-80E4647142C9}"
EndProject
Project("{9A19103F-16F7-4668-BE54-9A1E7A4F7556}") = "DataAccess", "DataAccess\DataAccess.csproj", "{7D769B74-24A7-4534-BBCA-523FB9FA3FFC}"
EndProject
Project("{9A19103F-16F7-4668-BE54-9A1E7A4F7556}") = "Entities", "Entities\Entities.csproj", "{50A60686-6EFF-4C63-AC7B-DE5DB29A4A9B}"
EndProject
Project("{9A19103F-16F7-4668-BE54-9A1E7A4F7556}") = "ConsoleUI", "ConsoleUI\ConsoleUI.csproj", "{A6AC93A3-5C93-4DB5-A68D-E30DAB347995}"
EndProject
Project("{9A19103F-16F7-4668-BE54-9A1E7A4F7556}") = "Core", "Core\Core.csproj", "{6381708A-2F25-4265-B55E-7C5A6BE7502A}"
EndProject
Project("{FAE04EC0-301F-11D3-BF4B-00C04F79EFBC}") = "WebAPI", "WebAPI\WebAPI.csproj", "{B0C3532B-BAE9-4359-9938-D140D41966B1}"
EndProject
Global
	GlobalSection(SolutionConfigurationPlatforms) = preSolution
		Debug|Any CPU = Debug|Any CPU
		Release|Any CPU = Release|Any CPU
	EndGlobalSection
	GlobalSection(ProjectConfigurationPlatforms) = postSolution
		{0E4C9797-3530-463E-A07E-80E4647142C9}.Debug|Any CPU.ActiveCfg = Debug|Any CPU
		{0E4C9797-3530-463E-A07E-80E4647142C9}.Debug|Any CPU.Build.0 = Debug|Any CPU
		{0E4C9797-3530-463E-A07E-80E4647142C9}.Release|Any CPU.ActiveCfg = Release|Any CPU
		{0E4C9797-3530-463E-A07E-80E4647142C9}.Release|Any CPU.Build.0 = Release|Any CPU
		{7D769B74-24A7-4534-BBCA-523FB9FA3FFC}.Debug|Any CPU.ActiveCfg = Debug|Any CPU
		{7D769B74-24A7-4534-BBCA-523FB9FA3FFC}.Debug|Any CPU.Build.0 = Debug|Any CPU
		{7D769B74-24A7-4534-BBCA-523FB9FA3FFC}.Release|Any CPU.ActiveCfg = Release|Any CPU
		{7D769B74-24A7-4534-BBCA-523FB9FA3FFC}.Release|Any CPU.Build.0 = Release|Any CPU
		{50A60686-6EFF-4C63-AC7B-DE5DB29A4A9B}.Debug|Any CPU.ActiveCfg = Debug|Any CPU
		{50A60686-6EFF-4C63-AC7B-DE5DB29A4A9B}.Debug|Any CPU.Build.0 = Debug|Any CPU
		{50A60686-6EFF-4C63-AC7B-DE5DB29A4A9B}.Release|Any CPU.ActiveCfg = Release|Any CPU
		{50A60686-6EFF-4C63-AC7B-DE5DB29A4A9B}.Release|Any CPU.Build.0 = Release|Any CPU
		{A6AC93A3-5C93-4DB5-A68D-E30DAB347995}.Debug|Any CPU.ActiveCfg = Debug|Any CPU
		{A6AC93A3-5C93-4DB5-A68D-E30DAB347995}.Debug|Any CPU.Build.0 = Debug|Any CPU
		{A6AC93A3-5C93-4DB5-A68D-E30DAB347995}.Release|Any CPU.ActiveCfg = Release|Any CPU
		{A6AC93A3-5C93-4DB5-A68D-E30DAB347995}.Release|Any CPU.Build.0 = Release|Any CPU
		{6381708A-2F25-4265-B55E-7C5A6BE7502A}.Debug|Any CPU.ActiveCfg = Debug|Any CPU
		{6381708A-2F25-4265-B55E-7C5A6BE7502A}.Debug|Any CPU.Build.0 = Debug|Any CPU
		{6381708A-2F25-4265-B55E-7C5A6BE7502A}.Release|Any CPU.ActiveCfg = Release|Any CPU
		{6381708A-2F25-4265-B55E-7C5A6BE7502A}.Release|Any CPU.Build.0 = Release|Any CPU
		{B0C3532B-BAE9-4359-9938-D140D41966B1}.Debug|Any CPU.ActiveCfg = Debug|Any CPU
		{B0C3532B-BAE9-4359-9938-D140D41966B1}.Debug|Any CPU.Build.0 = Debug|Any CPU
		{B0C3532B-BAE9-4359-9938-D140D41966B1}.Release|Any CPU.ActiveCfg = Release|Any CPU
		{B0C3532B-BAE9-4359-9938-D140D41966B1}.Release|Any CPU.Build.0 = Release|Any CPU
	EndGlobalSection
	GlobalSection(SolutionProperties) = preSolution
		HideSolutionNode = FALSE
	EndGlobalSection
	GlobalSection(ExtensibilityGlobals) = postSolution
		SolutionGuid = {3EF01AA6-F08D-4B8E-B246-464BCE229046}
	EndGlobalSection
EndGlobal
